
Microsoft Visual Studio Solution File, Format Version 12.00
# Visual Studio Version 17
VisualStudioVersion = 17.14.36310.24 d17.14
MinimumVisualStudioVersion = 10.0.40219.1
Project("{2150E333-8FDC-42A3-9474-1A3956D46DE8}") = "src", "src", "{02EA681E-C7D8-13C7-8484-4AC65E1B71E8}"
EndProject
Project("{2150E333-8FDC-42A3-9474-1A3956D46DE8}") = "test", "test", "{B4B00650-6049-4F26-AA0E-F5E8182C1C0E}"
EndProject
Project("{2150E333-8FDC-42A3-9474-1A3956D46DE8}") = "Core", "Core", "{3DFB480B-7E09-4684-A438-3A304AE23732}"
EndProject
Project("{2150E333-8FDC-42A3-9474-1A3956D46DE8}") = "Infrastructure", "Infrastructure", "{D234F7D5-114F-4D7F-94DD-F6EECC0B1F7A}"
EndProject
Project("{2150E333-8FDC-42A3-9474-1A3956D46DE8}") = "UI", "UI", "{376CD934-FF79-4992-B1FA-5BEE22E52A8C}"
EndProject
Project("{2150E333-8FDC-42A3-9474-1A3956D46DE8}") = "API", "API", "{12D234B5-8B91-4883-ACC0-C009396E457B}"
EndProject
Project("{FAE04EC0-301F-11D3-BF4B-00C04F79EFBC}") = "TalkCorner.API", "TalkCorner.API\TalkCorner.API.csproj", "{C2F48811-0416-4992-9638-DA1C8A48570A}"
EndProject
Project("{FAE04EC0-301F-11D3-BF4B-00C04F79EFBC}") = "TalkCorner.Domain", "TalkCorner.Domain\TalkCorner.Domain.csproj", "{69B3607B-7032-4FC5-8D34-C926671A567A}"
EndProject
Project("{FAE04EC0-301F-11D3-BF4B-00C04F79EFBC}") = "TalkCorner.Application", "TalkCorner.Application\TalkCorner.Application.csproj", "{A71202CC-5722-44D6-A550-C52D5BE993A6}"
EndProject
Project("{FAE04EC0-301F-11D3-BF4B-00C04F79EFBC}") = "TalkCorner.Infrastructure", "TalkCorner.Infrastructure\TalkCorner.Infrastructure.csproj", "{A3E8BA01-7516-45F2-8E92-912CF041B9BF}"
EndProject
Project("{FAE04EC0-301F-11D3-BF4B-00C04F79EFBC}") = "TalkCorner.Identity", "TalkCorner.Identity\TalkCorner.Identity.csproj", "{7DD8E903-AF55-4BBC-892F-ABE24B9ABA29}"
EndProject
Project("{FAE04EC0-301F-11D3-BF4B-00C04F79EFBC}") = "TalkCorner.Persistence", "TalkCorner.Persistence\TalkCorner.Persistence.csproj", "{464F828C-D02C-4A01-80C3-25BF4BB12DEE}"
EndProject
Project("{54A90642-561A-4BB1-A94E-469ADEE60C69}") = "TalkCorner.Angular", "TalkCorner.Angular\TalkCorner.Angular.esproj", "{C5FB51A2-5483-67B9-0536-A474BCF7FB5E}"
EndProject
Global
	GlobalSection(SolutionConfigurationPlatforms) = preSolution
		Debug|Any CPU = Debug|Any CPU
		Release|Any CPU = Release|Any CPU
	EndGlobalSection
	GlobalSection(ProjectConfigurationPlatforms) = postSolution
		{C2F48811-0416-4992-9638-DA1C8A48570A}.Debug|Any CPU.ActiveCfg = Debug|Any CPU
		{C2F48811-0416-4992-9638-DA1C8A48570A}.Debug|Any CPU.Build.0 = Debug|Any CPU
		{C2F48811-0416-4992-9638-DA1C8A48570A}.Release|Any CPU.ActiveCfg = Release|Any CPU
		{C2F48811-0416-4992-9638-DA1C8A48570A}.Release|Any CPU.Build.0 = Release|Any CPU
		{69B3607B-7032-4FC5-8D34-C926671A567A}.Debug|Any CPU.ActiveCfg = Debug|Any CPU
		{69B3607B-7032-4FC5-8D34-C926671A567A}.Debug|Any CPU.Build.0 = Debug|Any CPU
		{69B3607B-7032-4FC5-8D34-C926671A567A}.Release|Any CPU.ActiveCfg = Release|Any CPU
		{69B3607B-7032-4FC5-8D34-C926671A567A}.Release|Any CPU.Build.0 = Release|Any CPU
		{A71202CC-5722-44D6-A550-C52D5BE993A6}.Debug|Any CPU.ActiveCfg = Debug|Any CPU
		{A71202CC-5722-44D6-A550-C52D5BE993A6}.Debug|Any CPU.Build.0 = Debug|Any CPU
		{A71202CC-5722-44D6-A550-C52D5BE993A6}.Release|Any CPU.ActiveCfg = Release|Any CPU
		{A71202CC-5722-44D6-A550-C52D5BE993A6}.Release|Any CPU.Build.0 = Release|Any CPU
		{A3E8BA01-7516-45F2-8E92-912CF041B9BF}.Debug|Any CPU.ActiveCfg = Debug|Any CPU
		{A3E8BA01-7516-45F2-8E92-912CF041B9BF}.Debug|Any CPU.Build.0 = Debug|Any CPU
		{A3E8BA01-7516-45F2-8E92-912CF041B9BF}.Release|Any CPU.ActiveCfg = Release|Any CPU
		{A3E8BA01-7516-45F2-8E92-912CF041B9BF}.Release|Any CPU.Build.0 = Release|Any CPU
		{7DD8E903-AF55-4BBC-892F-ABE24B9ABA29}.Debug|Any CPU.ActiveCfg = Debug|Any CPU
		{7DD8E903-AF55-4BBC-892F-ABE24B9ABA29}.Debug|Any CPU.Build.0 = Debug|Any CPU
		{7DD8E903-AF55-4BBC-892F-ABE24B9ABA29}.Release|Any CPU.ActiveCfg = Release|Any CPU
		{7DD8E903-AF55-4BBC-892F-ABE24B9ABA29}.Release|Any CPU.Build.0 = Release|Any CPU
		{464F828C-D02C-4A01-80C3-25BF4BB12DEE}.Debug|Any CPU.ActiveCfg = Debug|Any CPU
		{464F828C-D02C-4A01-80C3-25BF4BB12DEE}.Debug|Any CPU.Build.0 = Debug|Any CPU
		{464F828C-D02C-4A01-80C3-25BF4BB12DEE}.Release|Any CPU.ActiveCfg = Release|Any CPU
		{464F828C-D02C-4A01-80C3-25BF4BB12DEE}.Release|Any CPU.Build.0 = Release|Any CPU
		{C5FB51A2-5483-67B9-0536-A474BCF7FB5E}.Debug|Any CPU.ActiveCfg = Debug|Any CPU
		{C5FB51A2-5483-67B9-0536-A474BCF7FB5E}.Debug|Any CPU.Build.0 = Debug|Any CPU
		{C5FB51A2-5483-67B9-0536-A474BCF7FB5E}.Debug|Any CPU.Deploy.0 = Debug|Any CPU
		{C5FB51A2-5483-67B9-0536-A474BCF7FB5E}.Release|Any CPU.ActiveCfg = Release|Any CPU
		{C5FB51A2-5483-67B9-0536-A474BCF7FB5E}.Release|Any CPU.Build.0 = Release|Any CPU
		{C5FB51A2-5483-67B9-0536-A474BCF7FB5E}.Release|Any CPU.Deploy.0 = Release|Any CPU
	EndGlobalSection
	GlobalSection(SolutionProperties) = preSolution
		HideSolutionNode = FALSE
	EndGlobalSection
	GlobalSection(NestedProjects) = preSolution
		{3DFB480B-7E09-4684-A438-3A304AE23732} = {02EA681E-C7D8-13C7-8484-4AC65E1B71E8}
		{D234F7D5-114F-4D7F-94DD-F6EECC0B1F7A} = {02EA681E-C7D8-13C7-8484-4AC65E1B71E8}
		{376CD934-FF79-4992-B1FA-5BEE22E52A8C} = {02EA681E-C7D8-13C7-8484-4AC65E1B71E8}
		{12D234B5-8B91-4883-ACC0-C009396E457B} = {02EA681E-C7D8-13C7-8484-4AC65E1B71E8}
		{C2F48811-0416-4992-9638-DA1C8A48570A} = {12D234B5-8B91-4883-ACC0-C009396E457B}
		{69B3607B-7032-4FC5-8D34-C926671A567A} = {3DFB480B-7E09-4684-A438-3A304AE23732}
		{A71202CC-5722-44D6-A550-C52D5BE993A6} = {3DFB480B-7E09-4684-A438-3A304AE23732}
		{A3E8BA01-7516-45F2-8E92-912CF041B9BF} = {D234F7D5-114F-4D7F-94DD-F6EECC0B1F7A}
		{7DD8E903-AF55-4BBC-892F-ABE24B9ABA29} = {D234F7D5-114F-4D7F-94DD-F6EECC0B1F7A}
		{464F828C-D02C-4A01-80C3-25BF4BB12DEE} = {D234F7D5-114F-4D7F-94DD-F6EECC0B1F7A}
		{C5FB51A2-5483-67B9-0536-A474BCF7FB5E} = {376CD934-FF79-4992-B1FA-5BEE22E52A8C}
	EndGlobalSection
	GlobalSection(ExtensibilityGlobals) = postSolution
		SolutionGuid = {608DB057-4F40-4579-A05B-1CD5AFB074AF}
	EndGlobalSection
EndGlobal
