
Microsoft Visual Studio Solution File, Format Version 12.00
# Visual Studio Version 17
VisualStudioVersion = 17.14.36310.24 d17.14
MinimumVisualStudioVersion = 10.0.40219.1
Project("{2150E333-8FDC-42A3-9474-1A3956D46DE8}") = "src", "src", "{02EA681E-C7D8-13C7-8484-4AC65E1B71E8}"
EndProject
Project("{2150E333-8FDC-42A3-9474-1A3956D46DE8}") = "test", "test", "{B4B00650-6049-4F26-AA0E-F5E8182C1C0E}"
EndProject
Project("{2150E333-8FDC-42A3-9474-1A3956D46DE8}") = "Core", "Core", "{3DFB480B-7E09-4684-A438-3A304AE23732}"
EndProject
Project("{2150E333-8FDC-42A3-9474-1A3956D46DE8}") = "Infrastructure", "Infrastructure", "{D234F7D5-114F-4D7F-94DD-F6EECC0B1F7A}"
EndProject
Project("{2150E333-8FDC-42A3-9474-1A3956D46DE8}") = "UI", "UI", "{376CD934-FF79-4992-B1FA-5BEE22E52A8C}"
EndProject
Project("{2150E333-8FDC-42A3-9474-1A3956D46DE8}") = "API", "API", "{12D234B5-8B91-4883-ACC0-C009396E457B}"
EndProject
Global
	GlobalSection(SolutionProperties) = preSolution
		HideSolutionNode = FALSE
	EndGlobalSection
	GlobalSection(NestedProjects) = preSolution
		{3DFB480B-7E09-4684-A438-3A304AE23732} = {02EA681E-C7D8-13C7-8484-4AC65E1B71E8}
		{D234F7D5-114F-4D7F-94DD-F6EECC0B1F7A} = {02EA681E-C7D8-13C7-8484-4AC65E1B71E8}
		{376CD934-FF79-4992-B1FA-5BEE22E52A8C} = {02EA681E-C7D8-13C7-8484-4AC65E1B71E8}
		{12D234B5-8B91-4883-ACC0-C009396E457B} = {02EA681E-C7D8-13C7-8484-4AC65E1B71E8}
	EndGlobalSection
	GlobalSection(ExtensibilityGlobals) = postSolution
		SolutionGuid = {608DB057-4F40-4579-A05B-1CD5AFB074AF}
	EndGlobalSection
EndGlobal
